// !$*UTF8*$!
{
	archiveVersion = 1;
	classes = {
	};
	objectVersion = 56;
	objects = {

/* Begin PBXBuildFile section */
		AC2C37C52AE81AB3005D0DC7 /* GenrativeArtApp.swift in Sources */ = {isa = PBXBuildFile; fileRef = AC2C37C42AE81AB3005D0DC7 /* GenrativeArtApp.swift */; };
		AC2C37C92AE81AB5005D0DC7 /* Assets.xcassets in Resources */ = {isa = PBXBuildFile; fileRef = AC2C37C82AE81AB5005D0DC7 /* Assets.xcassets */; };
		AC2C37CC2AE81AB5005D0DC7 /* Preview Assets.xcassets in Resources */ = {isa = PBXBuildFile; fileRef = AC2C37CB2AE81AB5005D0DC7 /* Preview Assets.xcassets */; };
		AC2C37D52AE81D6C005D0DC7 /* TitleView.swift in Sources */ = {isa = PBXBuildFile; fileRef = AC2C37D42AE81D6C005D0DC7 /* TitleView.swift */; };
		AC2C37D82AE8262E005D0DC7 /* Shape.swift in Sources */ = {isa = PBXBuildFile; fileRef = AC2C37D72AE8262E005D0DC7 /* Shape.swift */; };
		AC7DCC1B2AED484600BEE170 /* GridView.swift in Sources */ = {isa = PBXBuildFile; fileRef = AC7DCC1A2AED484600BEE170 /* GridView.swift */; };
/* End PBXBuildFile section */

/* Begin PBXFileReference section */
		AC2C37C12AE81AB3005D0DC7 /* GenrativeArt.app */ = {isa = PBXFileReference; explicitFileType = wrapper.application; includeInIndex = 0; path = GenrativeArt.app; sourceTree = BUILT_PRODUCTS_DIR; };
		AC2C37C42AE81AB3005D0DC7 /* GenrativeArtApp.swift */ = {isa = PBXFileReference; lastKnownFileType = sourcecode.swift; path = GenrativeArtApp.swift; sourceTree = "<group>"; };
		AC2C37C82AE81AB5005D0DC7 /* Assets.xcassets */ = {isa = PBXFileReference; lastKnownFileType = folder.assetcatalog; path = Assets.xcassets; sourceTree = "<group>"; };
		AC2C37CB2AE81AB5005D0DC7 /* Preview Assets.xcassets */ = {isa = PBXFileReference; lastKnownFileType = folder.assetcatalog; path = "Preview Assets.xcassets"; sourceTree = "<group>"; };
		AC2C37D42AE81D6C005D0DC7 /* TitleView.swift */ = {isa = PBXFileReference; lastKnownFileType = sourcecode.swift; path = TitleView.swift; sourceTree = "<group>"; };
		AC2C37D72AE8262E005D0DC7 /* Shape.swift */ = {isa = PBXFileReference; lastKnownFileType = sourcecode.swift; path = Shape.swift; sourceTree = "<group>"; };
		AC7DCC1A2AED484600BEE170 /* GridView.swift */ = {isa = PBXFileReference; lastKnownFileType = sourcecode.swift; path = GridView.swift; sourceTree = "<group>"; };
/* End PBXFileReference section */

/* Begin PBXFrameworksBuildPhase section */
		AC2C37BE2AE81AB3005D0DC7 /* Frameworks */ = {
			isa = PBXFrameworksBuildPhase;
			buildActionMask = 2147483647;
			files = (
			);
			runOnlyForDeploymentPostprocessing = 0;
		};
/* End PBXFrameworksBuildPhase section */

/* Begin PBXGroup section */
		AC2C37B82AE81AB3005D0DC7 = {
			isa = PBXGroup;
			children = (
				AC2C37C32AE81AB3005D0DC7 /* GenrativeArt */,
				AC2C37C22AE81AB3005D0DC7 /* Products */,
			);
			sourceTree = "<group>";
		};
		AC2C37C22AE81AB3005D0DC7 /* Products */ = {
			isa = PBXGroup;
			children = (
				AC2C37C12AE81AB3005D0DC7 /* GenrativeArt.app */,
			);
			name = Products;
			sourceTree = "<group>";
		};
		AC2C37C32AE81AB3005D0DC7 /* GenrativeArt */ = {
			isa = PBXGroup;
			children = (
				AC2C37C42AE81AB3005D0DC7 /* GenrativeArtApp.swift */,
				AC2C37D62AE825F0005D0DC7 /* Helpers */,
				AC2C37D32AE81D58005D0DC7 /* views */,
				AC2C37C82AE81AB5005D0DC7 /* Assets.xcassets */,
				AC2C37CA2AE81AB5005D0DC7 /* Preview Content */,
			);
			path = GenrativeArt;
			sourceTree = "<group>";
		};
		AC2C37CA2AE81AB5005D0DC7 /* Preview Content */ = {
			isa = PBXGroup;
			children = (
				AC2C37CB2AE81AB5005D0DC7 /* Preview Assets.xcassets */,
			);
			path = "Preview Content";
			sourceTree = "<group>";
		};
		AC2C37D32AE81D58005D0DC7 /* views */ = {
			isa = PBXGroup;
			children = (
				AC2C37D42AE81D6C005D0DC7 /* TitleView.swift */,
				AC7DCC1A2AED484600BEE170 /* GridView.swift */,
			);
			path = views;
			sourceTree = "<group>";
		};
		AC2C37D62AE825F0005D0DC7 /* Helpers */ = {
			isa = PBXGroup;
			children = (
				AC2C37D72AE8262E005D0DC7 /* Shape.swift */,
			);
			path = Helpers;
			sourceTree = "<group>";
		};
/* End PBXGroup section */

/* Begin PBXNativeTarget section */
		AC2C37C02AE81AB3005D0DC7 /* GenrativeArt */ = {
			isa = PBXNativeTarget;
			buildConfigurationList = AC2C37CF2AE81AB5005D0DC7 /* Build configuration list for PBXNativeTarget "GenrativeArt" */;
			buildPhases = (
				AC2C37BD2AE81AB3005D0DC7 /* Sources */,
				AC2C37BE2AE81AB3005D0DC7 /* Frameworks */,
				AC2C37BF2AE81AB3005D0DC7 /* Resources */,
			);
			buildRules = (
			);
			dependencies = (
			);
			name = GenrativeArt;
			productName = GenrativeArt;
			productReference = AC2C37C12AE81AB3005D0DC7 /* GenrativeArt.app */;
			productType = "com.apple.product-type.application";
		};
/* End PBXNativeTarget section */

/* Begin PBXProject section */
		AC2C37B92AE81AB3005D0DC7 /* Project object */ = {
			isa = PBXProject;
			attributes = {
				BuildIndependentTargetsInParallel = 1;
				LastSwiftUpdateCheck = 1500;
				LastUpgradeCheck = 1500;
				TargetAttributes = {
					AC2C37C02AE81AB3005D0DC7 = {
						CreatedOnToolsVersion = 15.0;
					};
				};
			};
			buildConfigurationList = AC2C37BC2AE81AB3005D0DC7 /* Build configuration list for PBXProject "GenrativeArt" */;
			compatibilityVersion = "Xcode 14.0";
			developmentRegion = en;
			hasScannedForEncodings = 0;
			knownRegions = (
				en,
				Base,
			);
			mainGroup = AC2C37B82AE81AB3005D0DC7;
			productRefGroup = AC2C37C22AE81AB3005D0DC7 /* Products */;
			projectDirPath = "";
			projectRoot = "";
			targets = (
				AC2C37C02AE81AB3005D0DC7 /* GenrativeArt */,
			);
		};
/* End PBXProject section */

/* Begin PBXResourcesBuildPhase section */
		AC2C37BF2AE81AB3005D0DC7 /* Resources */ = {
			isa = PBXResourcesBuildPhase;
			buildActionMask = 2147483647;
			files = (
				AC2C37CC2AE81AB5005D0DC7 /* Preview Assets.xcassets in Resources */,
				AC2C37C92AE81AB5005D0DC7 /* Assets.xcassets in Resources */,
			);
			runOnlyForDeploymentPostprocessing = 0;
		};
/* End PBXResourcesBuildPhase section */

/* Begin PBXSourcesBuildPhase section */
		AC2C37BD2AE81AB3005D0DC7 /* Sources */ = {
			isa = PBXSourcesBuildPhase;
			buildActionMask = 2147483647;
			files = (
				AC2C37C52AE81AB3005D0DC7 /* GenrativeArtApp.swift in Sources */,
				AC2C37D82AE8262E005D0DC7 /* Shape.swift in Sources */,
				AC7DCC1B2AED484600BEE170 /* GridView.swift in Sources */,
				AC2C37D52AE81D6C005D0DC7 /* TitleView.swift in Sources */,
			);
			runOnlyForDeploymentPostprocessing = 0;
		};
/* End PBXSourcesBuildPhase section */

/* Begin XCBuildConfiguration section */
		AC2C37CD2AE81AB5005D0DC7 /* Debug */ = {
			isa = XCBuildConfiguration;
			buildSettings = {
				ALWAYS_SEARCH_USER_PATHS = NO;
				ASSETCATALOG_COMPILER_GENERATE_SWIFT_ASSET_SYMBOL_EXTENSIONS = YES;
				CLANG_ANALYZER_NONNULL = YES;
				CLANG_ANALYZER_NUMBER_OBJECT_CONVERSION = YES_AGGRESSIVE;
				CLANG_CXX_LANGUAGE_STANDARD = "gnu++20";
				CLANG_ENABLE_MODULES = YES;
				CLANG_ENABLE_OBJC_ARC = YES;
				CLANG_ENABLE_OBJC_WEAK = YES;
				CLANG_WARN_BLOCK_CAPTURE_AUTORELEASING = YES;
				CLANG_WARN_BOOL_CONVERSION = YES;
				CLANG_WARN_COMMA = YES;
				CLANG_WARN_CONSTANT_CONVERSION = YES;
				CLANG_WARN_DEPRECATED_OBJC_IMPLEMENTATIONS = YES;
				CLANG_WARN_DIRECT_OBJC_ISA_USAGE = YES_ERROR;
				CLANG_WARN_DOCUMENTATION_COMMENTS = YES;
				CLANG_WARN_EMPTY_BODY = YES;
				CLANG_WARN_ENUM_CONVERSION = YES;
				CLANG_WARN_INFINITE_RECURSION = YES;
				CLANG_WARN_INT_CONVERSION = YES;
				CLANG_WARN_NON_LITERAL_NULL_CONVERSION = YES;
				CLANG_WARN_OBJC_IMPLICIT_RETAIN_SELF = YES;
				CLANG_WARN_OBJC_LITERAL_CONVERSION = YES;
				CLANG_WARN_OBJC_ROOT_CLASS = YES_ERROR;
				CLANG_WARN_QUOTED_INCLUDE_IN_FRAMEWORK_HEADER = YES;
				CLANG_WARN_RANGE_LOOP_ANALYSIS = YES;
				CLANG_WARN_STRICT_PROTOTYPES = YES;
				CLANG_WARN_SUSPICIOUS_MOVE = YES;
				CLANG_WARN_UNGUARDED_AVAILABILITY = YES_AGGRESSIVE;
				CLANG_WARN_UNREACHABLE_CODE = YES;
				CLANG_WARN__DUPLICATE_METHOD_MATCH = YES;
				COPY_PHASE_STRIP = NO;
				DEBUG_INFORMATION_FORMAT = dwarf;
				ENABLE_STRICT_OBJC_MSGSEND = YES;
				ENABLE_TESTABILITY = YES;
				ENABLE_USER_SCRIPT_SANDBOXING = YES;
				GCC_C_LANGUAGE_STANDARD = gnu17;
				GCC_DYNAMIC_NO_PIC = NO;
				GCC_NO_COMMON_BLOCKS = YES;
				GCC_OPTIMIZATION_LEVEL = 0;
				GCC_PREPROCESSOR_DEFINITIONS = (
					"DEBUG=1",
					"$(inherited)",
				);
				GCC_WARN_64_TO_32_BIT_CONVERSION = YES;
				GCC_WARN_ABOUT_RETURN_TYPE = YES_ERROR;
				GCC_WARN_UNDECLARED_SELECTOR = YES;
				GCC_WARN_UNINITIALIZED_AUTOS = YES_AGGRESSIVE;
				GCC_WARN_UNUSED_FUNCTION = YES;
				GCC_WARN_UNUSED_VARIABLE = YES;
				IPHONEOS_DEPLOYMENT_TARGET = 17.0;
				LOCALIZATION_PREFERS_STRING_CATALOGS = YES;
				MTL_ENABLE_DEBUG_INFO = INCLUDE_SOURCE;
				MTL_FAST_MATH = YES;
				ONLY_ACTIVE_ARCH = YES;
				SDKROOT = iphoneos;
				SWIFT_ACTIVE_COMPILATION_CONDITIONS = "DEBUG $(inherited)";
				SWIFT_OPTIMIZATION_LEVEL = "-Onone";
			};
			name = Debug;
		};
		AC2C37CE2AE81AB5005D0DC7 /* Release */ = {
			isa = XCBuildConfiguration;
			buildSettings = {
				ALWAYS_SEARCH_USER_PATHS = NO;
				ASSETCATALOG_COMPILER_GENERATE_SWIFT_ASSET_SYMBOL_EXTENSIONS = YES;
				CLANG_ANALYZER_NONNULL = YES;
				CLANG_ANALYZER_NUMBER_OBJECT_CONVERSION = YES_AGGRESSIVE;
				CLANG_CXX_LANGUAGE_STANDARD = "gnu++20";
				CLANG_ENABLE_MODULES = YES;
				CLANG_ENABLE_OBJC_ARC = YES;
				CLANG_ENABLE_OBJC_WEAK = YES;
				CLANG_WARN_BLOCK_CAPTURE_AUTORELEASING = YES;
				CLANG_WARN_BOOL_CONVERSION = YES;
				CLANG_WARN_COMMA = YES;
				CLANG_WARN_CONSTANT_CONVERSION = YES;
				CLANG_WARN_DEPRECATED_OBJC_IMPLEMENTATIONS = YES;
				CLANG_WARN_DIRECT_OBJC_ISA_USAGE = YES_ERROR;
				CLANG_WARN_DOCUMENTATION_COMMENTS = YES;
				CLANG_WARN_EMPTY_BODY = YES;
				CLANG_WARN_ENUM_CONVERSION = YES;
				CLANG_WARN_INFINITE_RECURSION = YES;
				CLANG_WARN_INT_CONVERSION = YES;
				CLANG_WARN_NON_LITERAL_NULL_CONVERSION = YES;
				CLANG_WARN_OBJC_IMPLICIT_RETAIN_SELF = YES;
				CLANG_WARN_OBJC_LITERAL_CONVERSION = YES;
				CLANG_WARN_OBJC_ROOT_CLASS = YES_ERROR;
				CLANG_WARN_QUOTED_INCLUDE_IN_FRAMEWORK_HEADER = YES;
				CLANG_WARN_RANGE_LOOP_ANALYSIS = YES;
				CLANG_WARN_STRICT_PROTOTYPES = YES;
				CLANG_WARN_SUSPICIOUS_MOVE = YES;
				CLANG_WARN_UNGUARDED_AVAILABILITY = YES_AGGRESSIVE;
				CLANG_WARN_UNREACHABLE_CODE = YES;
				CLANG_WARN__DUPLICATE_METHOD_MATCH = YES;
				COPY_PHASE_STRIP = NO;
				DEBUG_INFORMATION_FORMAT = "dwarf-with-dsym";
				ENABLE_NS_ASSERTIONS = NO;
				ENABLE_STRICT_OBJC_MSGSEND = YES;
				ENABLE_USER_SCRIPT_SANDBOXING = YES;
				GCC_C_LANGUAGE_STANDARD = gnu17;
				GCC_NO_COMMON_BLOCKS = YES;
				GCC_WARN_64_TO_32_BIT_CONVERSION = YES;
				GCC_WARN_ABOUT_RETURN_TYPE = YES_ERROR;
				GCC_WARN_UNDECLARED_SELECTOR = YES;
				GCC_WARN_UNINITIALIZED_AUTOS = YES_AGGRESSIVE;
				GCC_WARN_UNUSED_FUNCTION = YES;
				GCC_WARN_UNUSED_VARIABLE = YES;
				IPHONEOS_DEPLOYMENT_TARGET = 17.0;
				LOCALIZATION_PREFERS_STRING_CATALOGS = YES;
				MTL_ENABLE_DEBUG_INFO = NO;
				MTL_FAST_MATH = YES;
				SDKROOT = iphoneos;
				SWIFT_COMPILATION_MODE = wholemodule;
				VALIDATE_PRODUCT = YES;
			};
			name = Release;
		};
		AC2C37D02AE81AB5005D0DC7 /* Debug */ = {
			isa = XCBuildConfiguration;
			buildSettings = {
				ASSETCATALOG_COMPILER_APPICON_NAME = AppIcon;
				ASSETCATALOG_COMPILER_GLOBAL_ACCENT_COLOR_NAME = AccentColor;
				CODE_SIGN_STYLE = Automatic;
				CURRENT_PROJECT_VERSION = 1;
				DEVELOPMENT_ASSET_PATHS = "\"GenrativeArt/Preview Content\"";
				DEVELOPMENT_TEAM = MR8QR277X3;
				ENABLE_PREVIEWS = YES;
				GENERATE_INFOPLIST_FILE = YES;
				INFOPLIST_KEY_UIApplicationSceneManifest_Generation = YES;
				INFOPLIST_KEY_UIApplicationSupportsIndirectInputEvents = YES;
				INFOPLIST_KEY_UILaunchScreen_Generation = YES;
				INFOPLIST_KEY_UISupportedInterfaceOrientations_iPad = "UIInterfaceOrientationPortrait UIInterfaceOrientationPortraitUpsideDown UIInterfaceOrientationLandscapeLeft UIInterfaceOrientationLandscapeRight";
				INFOPLIST_KEY_UISupportedInterfaceOrientations_iPhone = "UIInterfaceOrientationPortrait UIInterfaceOrientationLandscapeLeft UIInterfaceOrientationLandscapeRight";
				LD_RUNPATH_SEARCH_PATHS = (
					"$(inherited)",
					"@executable_path/Frameworks",
				);
				MARKETING_VERSION = 1.0;
				PRODUCT_BUNDLE_IDENTIFIER = com.lawrencekang.GenrativeArt;
				PRODUCT_NAME = "$(TARGET_NAME)";
				SWIFT_EMIT_LOC_STRINGS = YES;
				SWIFT_VERSION = 5.0;
				TARGETED_DEVICE_FAMILY = "1,2";
			};
			name = Debug;
		};
		AC2C37D12AE81AB5005D0DC7 /* Release */ = {
			isa = XCBuildConfiguration;
			buildSettings = {
				ASSETCATALOG_COMPILER_APPICON_NAME = AppIcon;
				ASSETCATALOG_COMPILER_GLOBAL_ACCENT_COLOR_NAME = AccentColor;
				CODE_SIGN_STYLE = Automatic;
				CURRENT_PROJECT_VERSION = 1;
				DEVELOPMENT_ASSET_PATHS = "\"GenrativeArt/Preview Content\"";
				DEVELOPMENT_TEAM = MR8QR277X3;
				ENABLE_PREVIEWS = YES;
				GENERATE_INFOPLIST_FILE = YES;
				INFOPLIST_KEY_UIApplicationSceneManifest_Generation = YES;
				INFOPLIST_KEY_UIApplicationSupportsIndirectInputEvents = YES;
				INFOPLIST_KEY_UILaunchScreen_Generation = YES;
				INFOPLIST_KEY_UISupportedInterfaceOrientations_iPad = "UIInterfaceOrientationPortrait UIInterfaceOrientationPortraitUpsideDown UIInterfaceOrientationLandscapeLeft UIInterfaceOrientationLandscapeRight";
				INFOPLIST_KEY_UISupportedInterfaceOrientations_iPhone = "UIInterfaceOrientationPortrait UIInterfaceOrientationLandscapeLeft UIInterfaceOrientationLandscapeRight";
				LD_RUNPATH_SEARCH_PATHS = (
					"$(inherited)",
					"@executable_path/Frameworks",
				);
				MARKETING_VERSION = 1.0;
				PRODUCT_BUNDLE_IDENTIFIER = com.lawrencekang.GenrativeArt;
				PRODUCT_NAME = "$(TARGET_NAME)";
				SWIFT_EMIT_LOC_STRINGS = YES;
				SWIFT_VERSION = 5.0;
				TARGETED_DEVICE_FAMILY = "1,2";
			};
			name = Release;
		};
/* End XCBuildConfiguration section */

/* Begin XCConfigurationList section */
		AC2C37BC2AE81AB3005D0DC7 /* Build configuration list for PBXProject "GenrativeArt" */ = {
			isa = XCConfigurationList;
			buildConfigurations = (
				AC2C37CD2AE81AB5005D0DC7 /* Debug */,
				AC2C37CE2AE81AB5005D0DC7 /* Release */,
			);
			defaultConfigurationIsVisible = 0;
			defaultConfigurationName = Release;
		};
		AC2C37CF2AE81AB5005D0DC7 /* Build configuration list for PBXNativeTarget "GenrativeArt" */ = {
			isa = XCConfigurationList;
			buildConfigurations = (
				AC2C37D02AE81AB5005D0DC7 /* Debug */,
				AC2C37D12AE81AB5005D0DC7 /* Release */,
			);
			defaultConfigurationIsVisible = 0;
			defaultConfigurationName = Release;
		};
/* End XCConfigurationList section */
	};
	rootObject = AC2C37B92AE81AB3005D0DC7 /* Project object */;
}
